PODS:
  - ADAL (2.7.7):
    - ADAL/app-lib (= 2.7.7)
  - ADAL/app-lib (2.7.7):
    - ADAL/tokencacheheader
  - ADAL/tokencacheheader (2.7.7)

DEPENDENCIES:
  - ADAL (~> 2.3)

SPEC REPOS:
  https://github.com/cocoapods/specs.git:
    - ADAL

SPEC CHECKSUMS:
  ADAL: 9e3c223a31c61200e7c2e22e6beebee7b4d16991

PODFILE CHECKSUM: 464fc06faf5c9e46a5af54a18aed45a62ca2c7c4

COCOAPODS: 1.6.1
